
Microsoft Visual Studio Solution File, Format Version 12.00
# Visual Studio Version 17
VisualStudioVersion = 17.8.34322.80
MinimumVisualStudioVersion = 10.0.40219.1
Project("{FAE04EC0-301F-11D3-BF4B-00C04F79EFBC}") = "G-Summation-from-1-to-N", "G-Summation-from-1-to-N\G-Summation-from-1-to-N.csproj", "{A380ADE2-0908-45B9-B7F7-B4641731063D}"
EndProject
Global
	GlobalSection(SolutionConfigurationPlatforms) = preSolution
		Debug|Any CPU = Debug|Any CPU
		Release|Any CPU = Release|Any CPU
	EndGlobalSection
	GlobalSection(ProjectConfigurationPlatforms) = postSolution
		{A380ADE2-0908-45B9-B7F7-B4641731063D}.Debug|Any CPU.ActiveCfg = Debug|Any CPU
		{A380ADE2-0908-45B9-B7F7-B4641731063D}.Debug|Any CPU.Build.0 = Debug|Any CPU
		{A380ADE2-0908-45B9-B7F7-B4641731063D}.Release|Any CPU.ActiveCfg = Release|Any CPU
		{A380ADE2-0908-45B9-B7F7-B4641731063D}.Release|Any CPU.Build.0 = Release|Any CPU
	EndGlobalSection
	GlobalSection(SolutionProperties) = preSolution
		HideSolutionNode = FALSE
	EndGlobalSection
	GlobalSection(ExtensibilityGlobals) = postSolution
		SolutionGuid = {743674C4-2AB8-4906-83FF-65D8ADD398D4}
	EndGlobalSection
EndGlobal
