
Microsoft Visual Studio Solution File, Format Version 12.00
Project("{FAE04EC0-301F-11D3-BF4B-00C04F79EFBC}") = "L-The-Brotherss", "L-The-Brotherss\L-The-Brotherss.csproj", "{2D7B380C-92AA-4E83-9F11-726A3456A89E}"
EndProject
Global
	GlobalSection(SolutionConfigurationPlatforms) = preSolution
		Debug|Any CPU = Debug|Any CPU
		Release|Any CPU = Release|Any CPU
	EndGlobalSection
	GlobalSection(ProjectConfigurationPlatforms) = postSolution
		{2D7B380C-92AA-4E83-9F11-726A3456A89E}.Debug|Any CPU.ActiveCfg = Debug|Any CPU
		{2D7B380C-92AA-4E83-9F11-726A3456A89E}.Debug|Any CPU.Build.0 = Debug|Any CPU
		{2D7B380C-92AA-4E83-9F11-726A3456A89E}.Release|Any CPU.ActiveCfg = Release|Any CPU
		{2D7B380C-92AA-4E83-9F11-726A3456A89E}.Release|Any CPU.Build.0 = Release|Any CPU
	EndGlobalSection
EndGlobal
