
Microsoft Visual Studio Solution File, Format Version 12.00
Project("{FAE04EC0-301F-11D3-BF4B-00C04F79EFBC}") = "F-Way-Too-Long-Words", "F-Way-Too-Long-Words\F-Way-Too-Long-Words.csproj", "{0BAC2155-02C7-4028-A625-2193B4B57569}"
EndProject
Global
	GlobalSection(SolutionConfigurationPlatforms) = preSolution
		Debug|Any CPU = Debug|Any CPU
		Release|Any CPU = Release|Any CPU
	EndGlobalSection
	GlobalSection(ProjectConfigurationPlatforms) = postSolution
		{0BAC2155-02C7-4028-A625-2193B4B57569}.Debug|Any CPU.ActiveCfg = Debug|Any CPU
		{0BAC2155-02C7-4028-A625-2193B4B57569}.Debug|Any CPU.Build.0 = Debug|Any CPU
		{0BAC2155-02C7-4028-A625-2193B4B57569}.Release|Any CPU.ActiveCfg = Release|Any CPU
		{0BAC2155-02C7-4028-A625-2193B4B57569}.Release|Any CPU.Build.0 = Release|Any CPU
	EndGlobalSection
EndGlobal
