
Microsoft Visual Studio Solution File, Format Version 12.00
Project("{FAE04EC0-301F-11D3-BF4B-00C04F79EFBC}") = "K-I-Love-Strings", "K-I-Love-Strings\K-I-Love-Strings.csproj", "{DCFC8941-A597-4AC2-A34E-C6DE45A3F38B}"
EndProject
Global
	GlobalSection(SolutionConfigurationPlatforms) = preSolution
		Debug|Any CPU = Debug|Any CPU
		Release|Any CPU = Release|Any CPU
	EndGlobalSection
	GlobalSection(ProjectConfigurationPlatforms) = postSolution
		{DCFC8941-A597-4AC2-A34E-C6DE45A3F38B}.Debug|Any CPU.ActiveCfg = Debug|Any CPU
		{DCFC8941-A597-4AC2-A34E-C6DE45A3F38B}.Debug|Any CPU.Build.0 = Debug|Any CPU
		{DCFC8941-A597-4AC2-A34E-C6DE45A3F38B}.Release|Any CPU.ActiveCfg = Release|Any CPU
		{DCFC8941-A597-4AC2-A34E-C6DE45A3F38B}.Release|Any CPU.Build.0 = Release|Any CPU
	EndGlobalSection
EndGlobal
