
Microsoft Visual Studio Solution File, Format Version 12.00
# Visual Studio Version 17
VisualStudioVersion = 17.8.34322.80
MinimumVisualStudioVersion = 10.0.40219.1
Project("{FAE04EC0-301F-11D3-BF4B-00C04F79EFBC}") = "C-Simple-Calculator", "C-Simple-Calculator\C-Simple-Calculator.csproj", "{C7E2C5CE-0A5F-43BC-9C3B-9FC4E3957997}"
EndProject
Global
	GlobalSection(SolutionConfigurationPlatforms) = preSolution
		Debug|Any CPU = Debug|Any CPU
		Release|Any CPU = Release|Any CPU
	EndGlobalSection
	GlobalSection(ProjectConfigurationPlatforms) = postSolution
		{C7E2C5CE-0A5F-43BC-9C3B-9FC4E3957997}.Debug|Any CPU.ActiveCfg = Debug|Any CPU
		{C7E2C5CE-0A5F-43BC-9C3B-9FC4E3957997}.Debug|Any CPU.Build.0 = Debug|Any CPU
		{C7E2C5CE-0A5F-43BC-9C3B-9FC4E3957997}.Release|Any CPU.ActiveCfg = Release|Any CPU
		{C7E2C5CE-0A5F-43BC-9C3B-9FC4E3957997}.Release|Any CPU.Build.0 = Release|Any CPU
	EndGlobalSection
	GlobalSection(SolutionProperties) = preSolution
		HideSolutionNode = FALSE
	EndGlobalSection
	GlobalSection(ExtensibilityGlobals) = postSolution
		SolutionGuid = {B31D57CA-97DC-4FD1-90C2-F8CE4C5DFFB7}
	EndGlobalSection
EndGlobal
