
Microsoft Visual Studio Solution File, Format Version 12.00
Project("{FAE04EC0-301F-11D3-BF4B-00C04F79EFBC}") = "L-GCD", "L-GCD\L-GCD.csproj", "{541D5C75-AED9-4EA1-9A0C-24988ECD0201}"
EndProject
Global
	GlobalSection(SolutionConfigurationPlatforms) = preSolution
		Debug|Any CPU = Debug|Any CPU
		Release|Any CPU = Release|Any CPU
	EndGlobalSection
	GlobalSection(ProjectConfigurationPlatforms) = postSolution
		{541D5C75-AED9-4EA1-9A0C-24988ECD0201}.Debug|Any CPU.ActiveCfg = Debug|Any CPU
		{541D5C75-AED9-4EA1-9A0C-24988ECD0201}.Debug|Any CPU.Build.0 = Debug|Any CPU
		{541D5C75-AED9-4EA1-9A0C-24988ECD0201}.Release|Any CPU.ActiveCfg = Release|Any CPU
		{541D5C75-AED9-4EA1-9A0C-24988ECD0201}.Release|Any CPU.Build.0 = Release|Any CPU
	EndGlobalSection
EndGlobal
