
Microsoft Visual Studio Solution File, Format Version 12.00
Project("{FAE04EC0-301F-11D3-BF4B-00C04F79EFBC}") = "C-Replacement", "C-Replacement\C-Replacement.csproj", "{201EFF8F-22ED-46CE-A7BD-422A13478205}"
EndProject
Global
	GlobalSection(SolutionConfigurationPlatforms) = preSolution
		Debug|Any CPU = Debug|Any CPU
		Release|Any CPU = Release|Any CPU
	EndGlobalSection
	GlobalSection(ProjectConfigurationPlatforms) = postSolution
		{201EFF8F-22ED-46CE-A7BD-422A13478205}.Debug|Any CPU.ActiveCfg = Debug|Any CPU
		{201EFF8F-22ED-46CE-A7BD-422A13478205}.Debug|Any CPU.Build.0 = Debug|Any CPU
		{201EFF8F-22ED-46CE-A7BD-422A13478205}.Release|Any CPU.ActiveCfg = Release|Any CPU
		{201EFF8F-22ED-46CE-A7BD-422A13478205}.Release|Any CPU.Build.0 = Release|Any CPU
	EndGlobalSection
EndGlobal
