
Microsoft Visual Studio Solution File, Format Version 12.00
# Visual Studio Version 17
VisualStudioVersion = 17.8.34322.80
MinimumVisualStudioVersion = 10.0.40219.1
Project("{FAE04EC0-301F-11D3-BF4B-00C04F79EFBC}") = "K-Max-and-Min", "K-Max-and-Min\K-Max-and-Min.csproj", "{B7581B75-3672-4F76-B2CD-A3855AEB87DA}"
EndProject
Global
	GlobalSection(SolutionConfigurationPlatforms) = preSolution
		Debug|Any CPU = Debug|Any CPU
		Release|Any CPU = Release|Any CPU
	EndGlobalSection
	GlobalSection(ProjectConfigurationPlatforms) = postSolution
		{B7581B75-3672-4F76-B2CD-A3855AEB87DA}.Debug|Any CPU.ActiveCfg = Debug|Any CPU
		{B7581B75-3672-4F76-B2CD-A3855AEB87DA}.Debug|Any CPU.Build.0 = Debug|Any CPU
		{B7581B75-3672-4F76-B2CD-A3855AEB87DA}.Release|Any CPU.ActiveCfg = Release|Any CPU
		{B7581B75-3672-4F76-B2CD-A3855AEB87DA}.Release|Any CPU.Build.0 = Release|Any CPU
	EndGlobalSection
	GlobalSection(SolutionProperties) = preSolution
		HideSolutionNode = FALSE
	EndGlobalSection
	GlobalSection(ExtensibilityGlobals) = postSolution
		SolutionGuid = {F86C319E-9E98-461D-9A9A-FBF65B72AE9C}
	EndGlobalSection
EndGlobal
