
Microsoft Visual Studio Solution File, Format Version 12.00
Project("{FAE04EC0-301F-11D3-BF4B-00C04F79EFBC}") = "M-Capital-or-Small-or-Digit", "M-Capital-or-Small-or-Digit\M-Capital-or-Small-or-Digit.csproj", "{2A7E40BD-4E4F-4ADE-8134-D28AC3C067FC}"
EndProject
Global
	GlobalSection(SolutionConfigurationPlatforms) = preSolution
		Debug|Any CPU = Debug|Any CPU
		Release|Any CPU = Release|Any CPU
	EndGlobalSection
	GlobalSection(ProjectConfigurationPlatforms) = postSolution
		{2A7E40BD-4E4F-4ADE-8134-D28AC3C067FC}.Debug|Any CPU.ActiveCfg = Debug|Any CPU
		{2A7E40BD-4E4F-4ADE-8134-D28AC3C067FC}.Debug|Any CPU.Build.0 = Debug|Any CPU
		{2A7E40BD-4E4F-4ADE-8134-D28AC3C067FC}.Release|Any CPU.ActiveCfg = Release|Any CPU
		{2A7E40BD-4E4F-4ADE-8134-D28AC3C067FC}.Release|Any CPU.Build.0 = Release|Any CPU
	EndGlobalSection
EndGlobal
